PODS:
  - Mantle (2.1.0):
    - Mantle/extobjc (= 2.1.0)
  - Mantle/extobjc (2.1.0)
  - Masonry (1.0.2)
  - ReactiveCocoa (2.5):
    - ReactiveCocoa/UI (= 2.5)
  - ReactiveCocoa/Core (2.5):
    - ReactiveCocoa/no-arc
  - ReactiveCocoa/no-arc (2.5)
  - ReactiveCocoa/UI (2.5):
    - ReactiveCocoa/Core

DEPENDENCIES:
  - Mantle
  - Masonry
  - ReactiveCocoa (~> 2.5)

SPEC CHECKSUMS:
  Mantle: 2fa750afa478cd625a94230fbf1c13462f29395b
  Masonry: 7c429b56da9d4ee0bbb3ed77a5ea710d6a5df39e
  ReactiveCocoa: e2db045570aa97c695e7aa97c2bcab222ae51f4a

PODFILE CHECKSUM: 1db3f490642a3677cc7e5b8a73102aa9aa5c26ac

COCOAPODS: 1.2.1
